{
  "name": "T3",
  "lockfileVersion": 3,
  "requires": true,
  "packages": {
    "": {
      "dependencies": {
        "t3": "^0.0.1"
      }
    },
    "node_modules/coffee-script": {
      "version": "1.6.3",
      "resolved": "https://registry.npmjs.org/coffee-script/-/coffee-script-1.6.3.tgz",
      "integrity": "sha512-lpusDYw9xym9ZOqFIeQuzzvTvunm2nlRL++BYhUcLn+77vuidExZG+qDPSKUfDXvuaHeFK6QavntXF+HiOq+/Q==",
      "deprecated": "CoffeeScript on NPM has moved to \"coffeescript\" (no hyphen)",
      "bin": {
        "cake": "bin/cake",
        "coffee": "bin/coffee"
      },
      "engines": {
        "node": ">=0.8.0"
      }
    },
    "node_modules/etc-passwd": {
      "version": "0.0.1",
      "resolved": "https://registry.npmjs.org/etc-passwd/-/etc-passwd-0.0.1.tgz",
      "integrity": "sha512-hqLvy81x8WBFmYBT8msBR2yUKarI1WuAFoMxV5tmkfJ3h5e64dyNLIrQUKOpUivw2i0cdxUyO2M4qZ9+Ojs3CQ==",
      "dependencies": {
        "lazylines": "= 1.0.0"
      },
      "engines": {
        "node": "*"
      }
    },
    "node_modules/forEachAsync": {
      "version": "2.2.1",
      "resolved": "https://registry.npmjs.org/forEachAsync/-/forEachAsync-2.2.1.tgz",
      "integrity": "sha512-467afhqYkLqbcPcn7FWYetAhMjhni8J59KfSUmsIatdp17l3yzUpod42kGPcDULRyEciQjmeFEjQDMU4USF7uA==",
      "deprecated": "Please use 'foreachasync' instead. See https://www.npmjs.com/package/foreachasync",
      "dependencies": {
        "sequence": "2.x"
      },
      "engines": {
        "ender": ">= 0.5.0",
        "node": "*"
      }
    },
    "node_modules/fs-extra": {
      "version": "0.6.4",
      "resolved": "https://registry.npmjs.org/fs-extra/-/fs-extra-0.6.4.tgz",
      "integrity": "sha512-5rU898vl/Z948L+kkJedbmo/iltzmiF5bn/eEk0j/SgrPpI+Ydau9xlJPicV7Av2CHYBGz5LAlwTnBU80j1zPQ==",
      "dependencies": {
        "jsonfile": "~1.0.1",
        "mkdirp": "0.3.x",
        "ncp": "~0.4.2",
        "rimraf": "~2.2.0"
      }
    },
    "node_modules/jsonfile": {
      "version": "1.0.1",
      "resolved": "https://registry.npmjs.org/jsonfile/-/jsonfile-1.0.1.tgz",
      "integrity": "sha512-KbsDJNRfRPF5v49tMNf9sqyyGqGLBcz1v5kZT01kG5ns5mQSltwxCKVmUzVKtEinkUnTDtSrp6ngWpV7Xw0ZlA=="
    },
    "node_modules/lazylines": {
      "version": "1.0.0",
      "resolved": "https://registry.npmjs.org/lazylines/-/lazylines-1.0.0.tgz",
      "integrity": "sha512-iPQOeC3Dw7IbUPF2flGfEHjAyvGnC+XNk9RwJDOCTWxUENjkcy/0LVIeQ3w8X+Yw1JWLF1JNlAyrv9UKiaoypg==",
      "engines": {
        "node": "*"
      }
    },
    "node_modules/mkdirp": {
      "version": "0.3.5",
      "resolved": "https://registry.npmjs.org/mkdirp/-/mkdirp-0.3.5.tgz",
      "integrity": "sha512-8OCq0De/h9ZxseqzCH8Kw/Filf5pF/vMI6+BH7Lu0jXz2pqYCjTAQRolSxRIi+Ax+oCCjlxoJMP0YQ4XlrQNHg==",
      "deprecated": "Legacy versions of mkdirp are no longer supported. Please update to mkdirp 1.x. (Note that the API surface has changed to use Promises in 1.x.)"
    },
    "node_modules/ncp": {
      "version": "0.4.2",
      "resolved": "https://registry.npmjs.org/ncp/-/ncp-0.4.2.tgz",
      "integrity": "sha512-PfGU8jYWdRl4FqJfCy0IzbkGyFHntfWygZg46nFk/dJD/XRrk2cj0SsKSX9n5u5gE0E0YfEpKWrEkfjnlZSTXA==",
      "bin": {
        "ncp": "bin/ncp"
      }
    },
    "node_modules/rimraf": {
      "version": "2.2.8",
      "resolved": "https://registry.npmjs.org/rimraf/-/rimraf-2.2.8.tgz",
      "integrity": "sha512-R5KMKHnPAQaZMqLOsyuyUmcIjSeDm+73eoqQpaXA7AZ22BL+6C+1mcUscgOsNd8WVlJuvlgAPsegcx7pjlV0Dg==",
      "deprecated": "Rimraf versions prior to v4 are no longer supported",
      "bin": {
        "rimraf": "bin.js"
      }
    },
    "node_modules/sequence": {
      "version": "2.2.1",
      "resolved": "https://registry.npmjs.org/sequence/-/sequence-2.2.1.tgz",
      "integrity": "sha512-RY4zLg/1hvZMVMIf8iiix8w1Aqls95nuR4pZinKH26OYrRrb8tEZTeCFkvGDKWt4qHY0rd8nKHvplb7+8O6C/A==",
      "engines": {
        "ender": ">= 0.5.0",
        "node": "*"
      }
    },
    "node_modules/t3": {
      "version": "0.0.1",
      "resolved": "https://registry.npmjs.org/t3/-/t3-0.0.1.tgz",
      "integrity": "sha512-IaJriHs+Fu+Sor0Y9ruls+A13ew50nj6MblLiNvahPVGWNUlV8BZz0T6EbR/AmzeTOs2XVGmnOrayQY48G3iHQ==",
      "dependencies": {
        "coffee-script": "~1.6.2",
        "fs-extra": "~0.6.0",
        "tilde-expansion": "0.0.0",
        "underscore": "~1.4.4",
        "walk": "~2.2.1"
      },
      "bin": {
        "t3": "bin/t3"
      }
    },
    "node_modules/tilde-expansion": {
      "version": "0.0.0",
      "resolved": "https://registry.npmjs.org/tilde-expansion/-/tilde-expansion-0.0.0.tgz",
      "integrity": "sha512-JYFJFuc5GUCBTTxRkQYvGi+afKnv1GP7I2mrRvSMZhZkg9uYeGWij0aYPiDcZSRFq+8xGm8ryONFdeZUtzBZpw==",
      "dependencies": {
        "etc-passwd": "0.0.1"
      },
      "engines": {
        "node": "*"
      }
    },
    "node_modules/underscore": {
      "version": "1.4.4",
      "resolved": "https://registry.npmjs.org/underscore/-/underscore-1.4.4.tgz",
      "integrity": "sha512-ZqGrAgaqqZM7LGRzNjLnw5elevWb5M8LEoDMadxIW3OWbcv72wMMgKdwOKpd5Fqxe8choLD8HN3iSj3TUh/giQ=="
    },
    "node_modules/walk": {
      "version": "2.2.1",
      "resolved": "https://registry.npmjs.org/walk/-/walk-2.2.1.tgz",
      "integrity": "sha512-H98aiCJIGotmvFBkx5h/RlCgXesFcSWDvXaITClOCsLyZ8mpJ5jimdR7e1sgI0uQq7SgGM3upV1DEyk/ws5zjw==",
      "dependencies": {
        "forEachAsync": "~2.2"
      },
      "engines": {
        "node": "*"
      }
    }
  }
}
